
Microsoft Visual Studio Solution File, Format Version 12.00
# Visual Studio Version 17
VisualStudioVersion = 17.5.002.0
MinimumVisualStudioVersion = 10.0.40219.1
Project("{9A19103F-16F7-4668-BE54-9A1E7A4F7556}") = "Aulas", "Aulas.csproj", "{640B7E4F-759A-419D-A5B7-30F6F6E5E77E}"
EndProject
Project("{9A19103F-16F7-4668-BE54-9A1E7A4F7556}") = "aula24", "Aula24\aula24.csproj", "{E434C8A1-3DD5-4D9D-B2D9-601C1B720ABE}"
EndProject
Project("{9A19103F-16F7-4668-BE54-9A1E7A4F7556}") = "aula25", "Aula25\aula25.csproj", "{2E9212A0-EE95-43A6-844F-7075BF9C674F}"
EndProject
Project("{9A19103F-16F7-4668-BE54-9A1E7A4F7556}") = "Aula28", "Aula28\Aula28.csproj", "{815F56AA-2987-4D38-8C3B-18129BE1B6ED}"
EndProject
Project("{9A19103F-16F7-4668-BE54-9A1E7A4F7556}") = "Aula30", "Aula30\Aula30.csproj", "{21B65BCA-661C-4B2E-B8B9-C39F256906A4}"
EndProject
Project("{9A19103F-16F7-4668-BE54-9A1E7A4F7556}") = "Aula31", "Aula31\Aula31.csproj", "{72687DA6-860F-49DB-A25A-35D0EDC8E1E7}"
EndProject
Project("{9A19103F-16F7-4668-BE54-9A1E7A4F7556}") = "Aula32", "Aula32\Aula32.csproj", "{357FC2DD-8B10-49F0-A593-6CCE53A2B2F8}"
EndProject
Project("{9A19103F-16F7-4668-BE54-9A1E7A4F7556}") = "Aula33", "Aula33\Aula33.csproj", "{956B2258-E9BD-4874-A905-BD92DEA00AB6}"
EndProject
Project("{9A19103F-16F7-4668-BE54-9A1E7A4F7556}") = "Aula34", "Aula34\Aula34.csproj", "{9DC6B0CB-F809-4985-AC08-92B5974D9BD2}"
EndProject
Project("{9A19103F-16F7-4668-BE54-9A1E7A4F7556}") = "Aula35", "Aula35\Aula35.csproj", "{58FE8141-7D29-4831-B48C-AB751974B2D9}"
EndProject
Project("{9A19103F-16F7-4668-BE54-9A1E7A4F7556}") = "Aula36", "Aula36\Aula36.csproj", "{DBC1F271-0C84-46CC-8CD1-E1949C29D397}"
EndProject
Project("{9A19103F-16F7-4668-BE54-9A1E7A4F7556}") = "Aula37", "Aula37\Aula37.csproj", "{21D11564-23EA-4066-9B5F-0A76CE9EB540}"
EndProject
Project("{9A19103F-16F7-4668-BE54-9A1E7A4F7556}") = "Aula38", "Aula38\Aula38.csproj", "{1C40064C-55AF-433D-8D04-18ACC1659ADF}"
EndProject
Project("{9A19103F-16F7-4668-BE54-9A1E7A4F7556}") = "Aula39", "Aula39\Aula39.csproj", "{33F6AB7A-DD7E-4BF7-9D47-9ECD04A6C877}"
EndProject
Project("{9A19103F-16F7-4668-BE54-9A1E7A4F7556}") = "Aula41", "Aula41\Aula41.csproj", "{91EE959E-92AF-4461-ABA5-BE92C68BA46F}"
EndProject
Project("{9A19103F-16F7-4668-BE54-9A1E7A4F7556}") = "Aula42", "Aula42\Aula42.csproj", "{4A15B0EE-6341-4AD6-AE3B-2BE072C0DE6A}"
EndProject
Project("{9A19103F-16F7-4668-BE54-9A1E7A4F7556}") = "Aula43", "Aula43\Aula43.csproj", "{BBFE67A4-02A3-4EFD-97C5-0CFF93979C28}"
EndProject
Project("{9A19103F-16F7-4668-BE54-9A1E7A4F7556}") = "Aula44", "Aula44\Aula44.csproj", "{2949CAD3-5CB0-40AA-8936-E163195CC5E5}"
EndProject
Project("{9A19103F-16F7-4668-BE54-9A1E7A4F7556}") = "Aula45", "Aula45\Aula45.csproj", "{424796C0-A05B-4303-A48B-57CDB128A8AF}"
EndProject
Project("{9A19103F-16F7-4668-BE54-9A1E7A4F7556}") = "Aula46", "Aula46\Aula46.csproj", "{94B8239C-D5FB-49DA-B586-EEA0C959BBDE}"
EndProject
Project("{9A19103F-16F7-4668-BE54-9A1E7A4F7556}") = "Aula47", "Aula47\Aula47.csproj", "{127D7F93-B338-46B9-987B-09B2F6EB48FD}"
EndProject
Global
	GlobalSection(SolutionConfigurationPlatforms) = preSolution
		Debug|Any CPU = Debug|Any CPU
		Release|Any CPU = Release|Any CPU
	EndGlobalSection
	GlobalSection(ProjectConfigurationPlatforms) = postSolution
		{640B7E4F-759A-419D-A5B7-30F6F6E5E77E}.Debug|Any CPU.ActiveCfg = Debug|Any CPU
		{640B7E4F-759A-419D-A5B7-30F6F6E5E77E}.Debug|Any CPU.Build.0 = Debug|Any CPU
		{640B7E4F-759A-419D-A5B7-30F6F6E5E77E}.Release|Any CPU.ActiveCfg = Release|Any CPU
		{640B7E4F-759A-419D-A5B7-30F6F6E5E77E}.Release|Any CPU.Build.0 = Release|Any CPU
		{E434C8A1-3DD5-4D9D-B2D9-601C1B720ABE}.Debug|Any CPU.ActiveCfg = Debug|Any CPU
		{E434C8A1-3DD5-4D9D-B2D9-601C1B720ABE}.Debug|Any CPU.Build.0 = Debug|Any CPU
		{E434C8A1-3DD5-4D9D-B2D9-601C1B720ABE}.Release|Any CPU.ActiveCfg = Release|Any CPU
		{E434C8A1-3DD5-4D9D-B2D9-601C1B720ABE}.Release|Any CPU.Build.0 = Release|Any CPU
		{2E9212A0-EE95-43A6-844F-7075BF9C674F}.Debug|Any CPU.ActiveCfg = Debug|Any CPU
		{2E9212A0-EE95-43A6-844F-7075BF9C674F}.Debug|Any CPU.Build.0 = Debug|Any CPU
		{2E9212A0-EE95-43A6-844F-7075BF9C674F}.Release|Any CPU.ActiveCfg = Release|Any CPU
		{2E9212A0-EE95-43A6-844F-7075BF9C674F}.Release|Any CPU.Build.0 = Release|Any CPU
		{815F56AA-2987-4D38-8C3B-18129BE1B6ED}.Debug|Any CPU.ActiveCfg = Debug|Any CPU
		{815F56AA-2987-4D38-8C3B-18129BE1B6ED}.Debug|Any CPU.Build.0 = Debug|Any CPU
		{815F56AA-2987-4D38-8C3B-18129BE1B6ED}.Release|Any CPU.ActiveCfg = Release|Any CPU
		{815F56AA-2987-4D38-8C3B-18129BE1B6ED}.Release|Any CPU.Build.0 = Release|Any CPU
		{21B65BCA-661C-4B2E-B8B9-C39F256906A4}.Debug|Any CPU.ActiveCfg = Debug|Any CPU
		{21B65BCA-661C-4B2E-B8B9-C39F256906A4}.Debug|Any CPU.Build.0 = Debug|Any CPU
		{21B65BCA-661C-4B2E-B8B9-C39F256906A4}.Release|Any CPU.ActiveCfg = Release|Any CPU
		{21B65BCA-661C-4B2E-B8B9-C39F256906A4}.Release|Any CPU.Build.0 = Release|Any CPU
		{72687DA6-860F-49DB-A25A-35D0EDC8E1E7}.Debug|Any CPU.ActiveCfg = Debug|Any CPU
		{72687DA6-860F-49DB-A25A-35D0EDC8E1E7}.Debug|Any CPU.Build.0 = Debug|Any CPU
		{72687DA6-860F-49DB-A25A-35D0EDC8E1E7}.Release|Any CPU.ActiveCfg = Release|Any CPU
		{72687DA6-860F-49DB-A25A-35D0EDC8E1E7}.Release|Any CPU.Build.0 = Release|Any CPU
		{357FC2DD-8B10-49F0-A593-6CCE53A2B2F8}.Debug|Any CPU.ActiveCfg = Debug|Any CPU
		{357FC2DD-8B10-49F0-A593-6CCE53A2B2F8}.Debug|Any CPU.Build.0 = Debug|Any CPU
		{357FC2DD-8B10-49F0-A593-6CCE53A2B2F8}.Release|Any CPU.ActiveCfg = Release|Any CPU
		{357FC2DD-8B10-49F0-A593-6CCE53A2B2F8}.Release|Any CPU.Build.0 = Release|Any CPU
		{956B2258-E9BD-4874-A905-BD92DEA00AB6}.Debug|Any CPU.ActiveCfg = Debug|Any CPU
		{956B2258-E9BD-4874-A905-BD92DEA00AB6}.Debug|Any CPU.Build.0 = Debug|Any CPU
		{956B2258-E9BD-4874-A905-BD92DEA00AB6}.Release|Any CPU.ActiveCfg = Release|Any CPU
		{956B2258-E9BD-4874-A905-BD92DEA00AB6}.Release|Any CPU.Build.0 = Release|Any CPU
		{9DC6B0CB-F809-4985-AC08-92B5974D9BD2}.Debug|Any CPU.ActiveCfg = Debug|Any CPU
		{9DC6B0CB-F809-4985-AC08-92B5974D9BD2}.Debug|Any CPU.Build.0 = Debug|Any CPU
		{9DC6B0CB-F809-4985-AC08-92B5974D9BD2}.Release|Any CPU.ActiveCfg = Release|Any CPU
		{9DC6B0CB-F809-4985-AC08-92B5974D9BD2}.Release|Any CPU.Build.0 = Release|Any CPU
		{58FE8141-7D29-4831-B48C-AB751974B2D9}.Debug|Any CPU.ActiveCfg = Debug|Any CPU
		{58FE8141-7D29-4831-B48C-AB751974B2D9}.Debug|Any CPU.Build.0 = Debug|Any CPU
		{58FE8141-7D29-4831-B48C-AB751974B2D9}.Release|Any CPU.ActiveCfg = Release|Any CPU
		{58FE8141-7D29-4831-B48C-AB751974B2D9}.Release|Any CPU.Build.0 = Release|Any CPU
		{DBC1F271-0C84-46CC-8CD1-E1949C29D397}.Debug|Any CPU.ActiveCfg = Debug|Any CPU
		{DBC1F271-0C84-46CC-8CD1-E1949C29D397}.Debug|Any CPU.Build.0 = Debug|Any CPU
		{DBC1F271-0C84-46CC-8CD1-E1949C29D397}.Release|Any CPU.ActiveCfg = Release|Any CPU
		{DBC1F271-0C84-46CC-8CD1-E1949C29D397}.Release|Any CPU.Build.0 = Release|Any CPU
		{21D11564-23EA-4066-9B5F-0A76CE9EB540}.Debug|Any CPU.ActiveCfg = Debug|Any CPU
		{21D11564-23EA-4066-9B5F-0A76CE9EB540}.Debug|Any CPU.Build.0 = Debug|Any CPU
		{21D11564-23EA-4066-9B5F-0A76CE9EB540}.Release|Any CPU.ActiveCfg = Release|Any CPU
		{21D11564-23EA-4066-9B5F-0A76CE9EB540}.Release|Any CPU.Build.0 = Release|Any CPU
		{1C40064C-55AF-433D-8D04-18ACC1659ADF}.Debug|Any CPU.ActiveCfg = Debug|Any CPU
		{1C40064C-55AF-433D-8D04-18ACC1659ADF}.Debug|Any CPU.Build.0 = Debug|Any CPU
		{1C40064C-55AF-433D-8D04-18ACC1659ADF}.Release|Any CPU.ActiveCfg = Release|Any CPU
		{1C40064C-55AF-433D-8D04-18ACC1659ADF}.Release|Any CPU.Build.0 = Release|Any CPU
		{33F6AB7A-DD7E-4BF7-9D47-9ECD04A6C877}.Debug|Any CPU.ActiveCfg = Debug|Any CPU
		{33F6AB7A-DD7E-4BF7-9D47-9ECD04A6C877}.Debug|Any CPU.Build.0 = Debug|Any CPU
		{33F6AB7A-DD7E-4BF7-9D47-9ECD04A6C877}.Release|Any CPU.ActiveCfg = Release|Any CPU
		{33F6AB7A-DD7E-4BF7-9D47-9ECD04A6C877}.Release|Any CPU.Build.0 = Release|Any CPU
		{91EE959E-92AF-4461-ABA5-BE92C68BA46F}.Debug|Any CPU.ActiveCfg = Debug|Any CPU
		{91EE959E-92AF-4461-ABA5-BE92C68BA46F}.Debug|Any CPU.Build.0 = Debug|Any CPU
		{91EE959E-92AF-4461-ABA5-BE92C68BA46F}.Release|Any CPU.ActiveCfg = Release|Any CPU
		{91EE959E-92AF-4461-ABA5-BE92C68BA46F}.Release|Any CPU.Build.0 = Release|Any CPU
		{4A15B0EE-6341-4AD6-AE3B-2BE072C0DE6A}.Debug|Any CPU.ActiveCfg = Debug|Any CPU
		{4A15B0EE-6341-4AD6-AE3B-2BE072C0DE6A}.Debug|Any CPU.Build.0 = Debug|Any CPU
		{4A15B0EE-6341-4AD6-AE3B-2BE072C0DE6A}.Release|Any CPU.ActiveCfg = Release|Any CPU
		{4A15B0EE-6341-4AD6-AE3B-2BE072C0DE6A}.Release|Any CPU.Build.0 = Release|Any CPU
		{BBFE67A4-02A3-4EFD-97C5-0CFF93979C28}.Debug|Any CPU.ActiveCfg = Debug|Any CPU
		{BBFE67A4-02A3-4EFD-97C5-0CFF93979C28}.Debug|Any CPU.Build.0 = Debug|Any CPU
		{BBFE67A4-02A3-4EFD-97C5-0CFF93979C28}.Release|Any CPU.ActiveCfg = Release|Any CPU
		{BBFE67A4-02A3-4EFD-97C5-0CFF93979C28}.Release|Any CPU.Build.0 = Release|Any CPU
		{2949CAD3-5CB0-40AA-8936-E163195CC5E5}.Debug|Any CPU.ActiveCfg = Debug|Any CPU
		{2949CAD3-5CB0-40AA-8936-E163195CC5E5}.Debug|Any CPU.Build.0 = Debug|Any CPU
		{2949CAD3-5CB0-40AA-8936-E163195CC5E5}.Release|Any CPU.ActiveCfg = Release|Any CPU
		{2949CAD3-5CB0-40AA-8936-E163195CC5E5}.Release|Any CPU.Build.0 = Release|Any CPU
		{424796C0-A05B-4303-A48B-57CDB128A8AF}.Debug|Any CPU.ActiveCfg = Debug|Any CPU
		{424796C0-A05B-4303-A48B-57CDB128A8AF}.Debug|Any CPU.Build.0 = Debug|Any CPU
		{424796C0-A05B-4303-A48B-57CDB128A8AF}.Release|Any CPU.ActiveCfg = Release|Any CPU
		{424796C0-A05B-4303-A48B-57CDB128A8AF}.Release|Any CPU.Build.0 = Release|Any CPU
		{94B8239C-D5FB-49DA-B586-EEA0C959BBDE}.Debug|Any CPU.ActiveCfg = Debug|Any CPU
		{94B8239C-D5FB-49DA-B586-EEA0C959BBDE}.Debug|Any CPU.Build.0 = Debug|Any CPU
		{94B8239C-D5FB-49DA-B586-EEA0C959BBDE}.Release|Any CPU.ActiveCfg = Release|Any CPU
		{94B8239C-D5FB-49DA-B586-EEA0C959BBDE}.Release|Any CPU.Build.0 = Release|Any CPU
		{127D7F93-B338-46B9-987B-09B2F6EB48FD}.Debug|Any CPU.ActiveCfg = Debug|Any CPU
		{127D7F93-B338-46B9-987B-09B2F6EB48FD}.Debug|Any CPU.Build.0 = Debug|Any CPU
		{127D7F93-B338-46B9-987B-09B2F6EB48FD}.Release|Any CPU.ActiveCfg = Release|Any CPU
		{127D7F93-B338-46B9-987B-09B2F6EB48FD}.Release|Any CPU.Build.0 = Release|Any CPU
	EndGlobalSection
	GlobalSection(SolutionProperties) = preSolution
		HideSolutionNode = FALSE
	EndGlobalSection
	GlobalSection(ExtensibilityGlobals) = postSolution
		SolutionGuid = {26E0FFF1-2799-4C78-BEF5-E8726BA7065E}
	EndGlobalSection
EndGlobal
