
Microsoft Visual Studio Solution File, Format Version 12.00
# Visual Studio Version 17
VisualStudioVersion = 17.5.002.0
MinimumVisualStudioVersion = 10.0.40219.1
Project("{9A19103F-16F7-4668-BE54-9A1E7A4F7556}") = "Aula24", "Aula24\Aula24.csproj", "{DEA4E6AC-5E52-4AC8-AC17-FCFD69F1A2B5}"
EndProject
Project("{9A19103F-16F7-4668-BE54-9A1E7A4F7556}") = "Aula25", "Aula25\Aula25.csproj", "{4C4B6231-F4B0-4F26-BE55-B25B0C4138A3}"
EndProject
Project("{9A19103F-16F7-4668-BE54-9A1E7A4F7556}") = "Aula26", "Aula28\Aula26.csproj", "{3B50C321-2392-4915-82A0-FCE6E257D1A5}"
EndProject
Project("{9A19103F-16F7-4668-BE54-9A1E7A4F7556}") = "Aula30", "Aula30\Aula30.csproj", "{84889A56-39B7-4A9D-B37D-01CA4AF8062C}"
EndProject
Project("{9A19103F-16F7-4668-BE54-9A1E7A4F7556}") = "Aula31", "Aula31\Aula31.csproj", "{EDBA993A-C698-4258-B89D-47A5D7679324}"
EndProject
Project("{9A19103F-16F7-4668-BE54-9A1E7A4F7556}") = "Aula32", "Aula32\Aula32.csproj", "{E3C996B7-B97D-4994-8631-4764B15376C7}"
EndProject
Project("{9A19103F-16F7-4668-BE54-9A1E7A4F7556}") = "Aula33", "Aula33\Aula33.csproj", "{C74564CC-DC17-4599-91D4-611444157127}"
EndProject
Project("{9A19103F-16F7-4668-BE54-9A1E7A4F7556}") = "Aula34", "Aula34\Aula34.csproj", "{3EEF9644-1628-4798-B281-7BA676C52B25}"
EndProject
Project("{9A19103F-16F7-4668-BE54-9A1E7A4F7556}") = "Aula35", "Aula35\Aula35.csproj", "{3B615D1A-87F0-4EA8-A0C8-B6AA57540736}"
EndProject
Project("{9A19103F-16F7-4668-BE54-9A1E7A4F7556}") = "Aula36", "Aula36\Aula36.csproj", "{8394330B-408B-4A0F-B8B5-A48E321F30C7}"
EndProject
Project("{9A19103F-16F7-4668-BE54-9A1E7A4F7556}") = "Aula37", "Aula37\Aula37.csproj", "{F3EFB512-5D7D-418F-9BE5-0D9183616EED}"
EndProject
Project("{9A19103F-16F7-4668-BE54-9A1E7A4F7556}") = "Aula38", "Aula38\Aula38.csproj", "{92BFF653-DE1A-47F2-8F25-A872EE73B77B}"
EndProject
Project("{9A19103F-16F7-4668-BE54-9A1E7A4F7556}") = "Aula39", "Aula39\Aula39.csproj", "{91DC7B0C-A941-4F57-AA9F-3D4B086DFDC9}"
EndProject
Project("{9A19103F-16F7-4668-BE54-9A1E7A4F7556}") = "Aula41", "Aula41\Aula41.csproj", "{A51492E7-70FD-472D-9482-9AB9454478B5}"
EndProject
Project("{9A19103F-16F7-4668-BE54-9A1E7A4F7556}") = "Aula42", "Aula42\Aula42.csproj", "{C1C26C0B-7B8F-416F-8292-F5312E147EDE}"
EndProject
Project("{9A19103F-16F7-4668-BE54-9A1E7A4F7556}") = "Aula43", "Aula43\Aula43.csproj", "{D50D91E7-92BA-4A54-B482-7BC37F000C40}"
EndProject
Project("{9A19103F-16F7-4668-BE54-9A1E7A4F7556}") = "Aula44", "Aula44\Aula44.csproj", "{C3CBCB2B-5B3A-4E2D-B80E-6768E76A2F87}"
EndProject
Project("{9A19103F-16F7-4668-BE54-9A1E7A4F7556}") = "Aula45", "Aula45\Aula45.csproj", "{8F7C241D-40F8-410C-9C3E-62EE56162FDB}"
EndProject
Project("{9A19103F-16F7-4668-BE54-9A1E7A4F7556}") = "Aula46", "Aula46\Aula46.csproj", "{F2FA5356-16F6-4EF9-A330-7D3254EC9BE0}"
EndProject
Global
	GlobalSection(SolutionConfigurationPlatforms) = preSolution
		Debug|Any CPU = Debug|Any CPU
		Release|Any CPU = Release|Any CPU
	EndGlobalSection
	GlobalSection(ProjectConfigurationPlatforms) = postSolution
		{DEA4E6AC-5E52-4AC8-AC17-FCFD69F1A2B5}.Debug|Any CPU.ActiveCfg = Debug|Any CPU
		{DEA4E6AC-5E52-4AC8-AC17-FCFD69F1A2B5}.Debug|Any CPU.Build.0 = Debug|Any CPU
		{DEA4E6AC-5E52-4AC8-AC17-FCFD69F1A2B5}.Release|Any CPU.ActiveCfg = Release|Any CPU
		{DEA4E6AC-5E52-4AC8-AC17-FCFD69F1A2B5}.Release|Any CPU.Build.0 = Release|Any CPU
		{4C4B6231-F4B0-4F26-BE55-B25B0C4138A3}.Debug|Any CPU.ActiveCfg = Debug|Any CPU
		{4C4B6231-F4B0-4F26-BE55-B25B0C4138A3}.Debug|Any CPU.Build.0 = Debug|Any CPU
		{4C4B6231-F4B0-4F26-BE55-B25B0C4138A3}.Release|Any CPU.ActiveCfg = Release|Any CPU
		{4C4B6231-F4B0-4F26-BE55-B25B0C4138A3}.Release|Any CPU.Build.0 = Release|Any CPU
		{3B50C321-2392-4915-82A0-FCE6E257D1A5}.Debug|Any CPU.ActiveCfg = Debug|Any CPU
		{3B50C321-2392-4915-82A0-FCE6E257D1A5}.Debug|Any CPU.Build.0 = Debug|Any CPU
		{3B50C321-2392-4915-82A0-FCE6E257D1A5}.Release|Any CPU.ActiveCfg = Release|Any CPU
		{3B50C321-2392-4915-82A0-FCE6E257D1A5}.Release|Any CPU.Build.0 = Release|Any CPU
		{84889A56-39B7-4A9D-B37D-01CA4AF8062C}.Debug|Any CPU.ActiveCfg = Debug|Any CPU
		{84889A56-39B7-4A9D-B37D-01CA4AF8062C}.Debug|Any CPU.Build.0 = Debug|Any CPU
		{84889A56-39B7-4A9D-B37D-01CA4AF8062C}.Release|Any CPU.ActiveCfg = Release|Any CPU
		{84889A56-39B7-4A9D-B37D-01CA4AF8062C}.Release|Any CPU.Build.0 = Release|Any CPU
		{EDBA993A-C698-4258-B89D-47A5D7679324}.Debug|Any CPU.ActiveCfg = Debug|Any CPU
		{EDBA993A-C698-4258-B89D-47A5D7679324}.Debug|Any CPU.Build.0 = Debug|Any CPU
		{EDBA993A-C698-4258-B89D-47A5D7679324}.Release|Any CPU.ActiveCfg = Release|Any CPU
		{EDBA993A-C698-4258-B89D-47A5D7679324}.Release|Any CPU.Build.0 = Release|Any CPU
		{E3C996B7-B97D-4994-8631-4764B15376C7}.Debug|Any CPU.ActiveCfg = Debug|Any CPU
		{E3C996B7-B97D-4994-8631-4764B15376C7}.Debug|Any CPU.Build.0 = Debug|Any CPU
		{E3C996B7-B97D-4994-8631-4764B15376C7}.Release|Any CPU.ActiveCfg = Release|Any CPU
		{E3C996B7-B97D-4994-8631-4764B15376C7}.Release|Any CPU.Build.0 = Release|Any CPU
		{C74564CC-DC17-4599-91D4-611444157127}.Debug|Any CPU.ActiveCfg = Debug|Any CPU
		{C74564CC-DC17-4599-91D4-611444157127}.Debug|Any CPU.Build.0 = Debug|Any CPU
		{C74564CC-DC17-4599-91D4-611444157127}.Release|Any CPU.ActiveCfg = Release|Any CPU
		{C74564CC-DC17-4599-91D4-611444157127}.Release|Any CPU.Build.0 = Release|Any CPU
		{3EEF9644-1628-4798-B281-7BA676C52B25}.Debug|Any CPU.ActiveCfg = Debug|Any CPU
		{3EEF9644-1628-4798-B281-7BA676C52B25}.Debug|Any CPU.Build.0 = Debug|Any CPU
		{3EEF9644-1628-4798-B281-7BA676C52B25}.Release|Any CPU.ActiveCfg = Release|Any CPU
		{3EEF9644-1628-4798-B281-7BA676C52B25}.Release|Any CPU.Build.0 = Release|Any CPU
		{3B615D1A-87F0-4EA8-A0C8-B6AA57540736}.Debug|Any CPU.ActiveCfg = Debug|Any CPU
		{3B615D1A-87F0-4EA8-A0C8-B6AA57540736}.Debug|Any CPU.Build.0 = Debug|Any CPU
		{3B615D1A-87F0-4EA8-A0C8-B6AA57540736}.Release|Any CPU.ActiveCfg = Release|Any CPU
		{3B615D1A-87F0-4EA8-A0C8-B6AA57540736}.Release|Any CPU.Build.0 = Release|Any CPU
		{8394330B-408B-4A0F-B8B5-A48E321F30C7}.Debug|Any CPU.ActiveCfg = Debug|Any CPU
		{8394330B-408B-4A0F-B8B5-A48E321F30C7}.Debug|Any CPU.Build.0 = Debug|Any CPU
		{8394330B-408B-4A0F-B8B5-A48E321F30C7}.Release|Any CPU.ActiveCfg = Release|Any CPU
		{8394330B-408B-4A0F-B8B5-A48E321F30C7}.Release|Any CPU.Build.0 = Release|Any CPU
		{F3EFB512-5D7D-418F-9BE5-0D9183616EED}.Debug|Any CPU.ActiveCfg = Debug|Any CPU
		{F3EFB512-5D7D-418F-9BE5-0D9183616EED}.Debug|Any CPU.Build.0 = Debug|Any CPU
		{F3EFB512-5D7D-418F-9BE5-0D9183616EED}.Release|Any CPU.ActiveCfg = Release|Any CPU
		{F3EFB512-5D7D-418F-9BE5-0D9183616EED}.Release|Any CPU.Build.0 = Release|Any CPU
		{92BFF653-DE1A-47F2-8F25-A872EE73B77B}.Debug|Any CPU.ActiveCfg = Debug|Any CPU
		{92BFF653-DE1A-47F2-8F25-A872EE73B77B}.Debug|Any CPU.Build.0 = Debug|Any CPU
		{92BFF653-DE1A-47F2-8F25-A872EE73B77B}.Release|Any CPU.ActiveCfg = Release|Any CPU
		{92BFF653-DE1A-47F2-8F25-A872EE73B77B}.Release|Any CPU.Build.0 = Release|Any CPU
		{91DC7B0C-A941-4F57-AA9F-3D4B086DFDC9}.Debug|Any CPU.ActiveCfg = Debug|Any CPU
		{91DC7B0C-A941-4F57-AA9F-3D4B086DFDC9}.Debug|Any CPU.Build.0 = Debug|Any CPU
		{91DC7B0C-A941-4F57-AA9F-3D4B086DFDC9}.Release|Any CPU.ActiveCfg = Release|Any CPU
		{91DC7B0C-A941-4F57-AA9F-3D4B086DFDC9}.Release|Any CPU.Build.0 = Release|Any CPU
		{A51492E7-70FD-472D-9482-9AB9454478B5}.Debug|Any CPU.ActiveCfg = Debug|Any CPU
		{A51492E7-70FD-472D-9482-9AB9454478B5}.Debug|Any CPU.Build.0 = Debug|Any CPU
		{A51492E7-70FD-472D-9482-9AB9454478B5}.Release|Any CPU.ActiveCfg = Release|Any CPU
		{A51492E7-70FD-472D-9482-9AB9454478B5}.Release|Any CPU.Build.0 = Release|Any CPU
		{C1C26C0B-7B8F-416F-8292-F5312E147EDE}.Debug|Any CPU.ActiveCfg = Debug|Any CPU
		{C1C26C0B-7B8F-416F-8292-F5312E147EDE}.Debug|Any CPU.Build.0 = Debug|Any CPU
		{C1C26C0B-7B8F-416F-8292-F5312E147EDE}.Release|Any CPU.ActiveCfg = Release|Any CPU
		{C1C26C0B-7B8F-416F-8292-F5312E147EDE}.Release|Any CPU.Build.0 = Release|Any CPU
		{D50D91E7-92BA-4A54-B482-7BC37F000C40}.Debug|Any CPU.ActiveCfg = Debug|Any CPU
		{D50D91E7-92BA-4A54-B482-7BC37F000C40}.Debug|Any CPU.Build.0 = Debug|Any CPU
		{D50D91E7-92BA-4A54-B482-7BC37F000C40}.Release|Any CPU.ActiveCfg = Release|Any CPU
		{D50D91E7-92BA-4A54-B482-7BC37F000C40}.Release|Any CPU.Build.0 = Release|Any CPU
		{C3CBCB2B-5B3A-4E2D-B80E-6768E76A2F87}.Debug|Any CPU.ActiveCfg = Debug|Any CPU
		{C3CBCB2B-5B3A-4E2D-B80E-6768E76A2F87}.Debug|Any CPU.Build.0 = Debug|Any CPU
		{C3CBCB2B-5B3A-4E2D-B80E-6768E76A2F87}.Release|Any CPU.ActiveCfg = Release|Any CPU
		{C3CBCB2B-5B3A-4E2D-B80E-6768E76A2F87}.Release|Any CPU.Build.0 = Release|Any CPU
		{8F7C241D-40F8-410C-9C3E-62EE56162FDB}.Debug|Any CPU.ActiveCfg = Debug|Any CPU
		{8F7C241D-40F8-410C-9C3E-62EE56162FDB}.Debug|Any CPU.Build.0 = Debug|Any CPU
		{8F7C241D-40F8-410C-9C3E-62EE56162FDB}.Release|Any CPU.ActiveCfg = Release|Any CPU
		{8F7C241D-40F8-410C-9C3E-62EE56162FDB}.Release|Any CPU.Build.0 = Release|Any CPU
		{F2FA5356-16F6-4EF9-A330-7D3254EC9BE0}.Debug|Any CPU.ActiveCfg = Debug|Any CPU
		{F2FA5356-16F6-4EF9-A330-7D3254EC9BE0}.Debug|Any CPU.Build.0 = Debug|Any CPU
		{F2FA5356-16F6-4EF9-A330-7D3254EC9BE0}.Release|Any CPU.ActiveCfg = Release|Any CPU
		{F2FA5356-16F6-4EF9-A330-7D3254EC9BE0}.Release|Any CPU.Build.0 = Release|Any CPU
	EndGlobalSection
	GlobalSection(SolutionProperties) = preSolution
		HideSolutionNode = FALSE
	EndGlobalSection
	GlobalSection(ExtensibilityGlobals) = postSolution
		SolutionGuid = {38A98B56-99B0-40B2-9B51-10959E8D350F}
	EndGlobalSection
EndGlobal
